{
  "name": "nodemailer-mock",
  "version": "1.1.11",
  "dependencies": {
    "abbrev": {
      "version": "1.0.9",
      "dev": true
    },
    "acorn": {
      "version": "4.0.4",
      "dev": true
    },
    "acorn-jsx": {
      "version": "3.0.1",
      "dev": true,
      "dependencies": {
        "acorn": {
          "version": "3.3.0",
          "dev": true
        }
      }
    },
    "ajv": {
      "version": "4.11.2",
      "dev": true
    },
    "ajv-keywords": {
      "version": "1.5.1",
      "dev": true
    },
    "align-text": {
      "version": "0.1.4",
      "dev": true
    },
    "amdefine": {
      "version": "1.0.1",
      "dev": true
    },
    "ansi-escapes": {
      "version": "1.4.0",
      "dev": true
    },
    "ansi-regex": {
      "version": "2.1.1",
      "dev": true
    },
    "ansi-styles": {
      "version": "2.2.1",
      "dev": true
    },
    "argparse": {
      "version": "1.0.9",
      "dev": true
    },
    "array-union": {
      "version": "1.0.2",
      "dev": true
    },
    "array-uniq": {
      "version": "1.0.3",
      "dev": true
    },
    "array.prototype.find": {
      "version": "2.0.3",
      "dev": true
    },
    "arrify": {
      "version": "1.0.1",
      "dev": true
    },
    "async": {
      "version": "1.5.2",
      "dev": true
    },
    "babel-code-frame": {
      "version": "6.22.0",
      "dev": true
    },
    "babel-messages": {
      "version": "6.22.0",
      "dev": true
    },
    "babel-runtime": {
      "version": "6.22.0",
      "dev": true
    },
    "babel-traverse": {
      "version": "6.22.1",
      "dev": true
    },
    "babel-types": {
      "version": "6.22.0",
      "dev": true
    },
    "babylon": {
      "version": "6.15.0",
      "dev": true
    },
    "balanced-match": {
      "version": "0.4.2",
      "dev": true
    },
    "brace-expansion": {
      "version": "1.1.6",
      "dev": true
    },
    "browser-stdout": {
      "version": "1.3.0",
      "dev": true
    },
    "buffer-shims": {
      "version": "1.0.0",
      "dev": true
    },
    "builtin-modules": {
      "version": "1.1.1",
      "dev": true
    },
    "caller-path": {
      "version": "0.1.0",
      "dev": true
    },
    "callsites": {
      "version": "0.2.0",
      "dev": true
    },
    "camelcase": {
      "version": "3.0.0",
      "dev": true
    },
    "center-align": {
      "version": "0.1.3",
      "dev": true,
      "optional": true
    },
    "chalk": {
      "version": "1.1.3",
      "dev": true,
      "dependencies": {
        "supports-color": {
          "version": "2.0.0",
          "dev": true
        }
      }
    },
    "circular-json": {
      "version": "0.3.1",
      "dev": true
    },
    "cli-cursor": {
      "version": "1.0.2",
      "dev": true
    },
    "cli-table": {
      "version": "0.3.1",
      "dev": true
    },
    "cli-width": {
      "version": "2.1.0",
      "dev": true
    },
    "cliui": {
      "version": "3.2.0",
      "dev": true
    },
    "clone": {
      "version": "0.1.19",
      "dev": true
    },
    "co": {
      "version": "4.6.0",
      "dev": true
    },
    "code-point-at": {
      "version": "1.1.0",
      "dev": true
    },
    "colors": {
      "version": "1.0.3",
      "dev": true
    },
    "commander": {
      "version": "2.9.0",
      "dev": true
    },
    "concat-map": {
      "version": "0.0.1",
      "dev": true
    },
    "concat-stream": {
      "version": "1.6.0",
      "dev": true
    },
    "contains-path": {
      "version": "0.1.0",
      "dev": true
    },
    "core-js": {
      "version": "2.4.1",
      "dev": true
    },
    "core-util-is": {
      "version": "1.0.2",
      "dev": true
    },
    "d": {
      "version": "0.1.1",
      "dev": true
    },
    "damerau-levenshtein": {
      "version": "1.0.3",
      "dev": true
    },
    "debug": {
      "version": "2.6.0"
    },
    "decamelize": {
      "version": "1.2.0",
      "dev": true
    },
    "deep-is": {
      "version": "0.1.3",
      "dev": true
    },
    "define-properties": {
      "version": "1.1.2",
      "dev": true
    },
    "del": {
      "version": "2.2.2",
      "dev": true
    },
    "depcheck": {
      "version": "0.6.7",
      "dev": true
    },
    "deprecate": {
      "version": "1.0.0",
      "dev": true
    },
    "deps-regex": {
      "version": "0.1.4",
      "dev": true
    },
    "diff": {
      "version": "1.4.0",
      "dev": true
    },
    "doctrine": {
      "version": "1.5.0",
      "dev": true
    },
    "error-ex": {
      "version": "1.3.0",
      "dev": true
    },
    "es-abstract": {
      "version": "1.7.0",
      "dev": true
    },
    "es-to-primitive": {
      "version": "1.1.1",
      "dev": true
    },
    "es5-ext": {
      "version": "0.10.12",
      "dev": true
    },
    "es6-iterator": {
      "version": "2.0.0",
      "dev": true
    },
    "es6-map": {
      "version": "0.1.4",
      "dev": true
    },
    "es6-set": {
      "version": "0.1.4",
      "dev": true
    },
    "es6-symbol": {
      "version": "3.1.0",
      "dev": true
    },
    "es6-weak-map": {
      "version": "2.0.1",
      "dev": true
    },
    "escape-string-regexp": {
      "version": "1.0.5",
      "dev": true
    },
    "escodegen": {
      "version": "1.8.1",
      "dev": true,
      "dependencies": {
        "estraverse": {
          "version": "1.9.3",
          "dev": true
        },
        "source-map": {
          "version": "0.2.0",
          "dev": true,
          "optional": true
        }
      }
    },
    "escope": {
      "version": "3.6.0",
      "dev": true
    },
    "eslint": {
      "version": "3.14.1",
      "dev": true
    },
    "eslint-config-airbnb": {
      "version": "14.0.0",
      "dev": true
    },
    "eslint-config-airbnb-base": {
      "version": "11.0.1",
      "dev": true
    },
    "eslint-import-resolver-node": {
      "version": "0.2.3",
      "dev": true
    },
    "eslint-module-utils": {
      "version": "2.0.0",
      "dev": true,
      "dependencies": {
        "debug": {
          "version": "2.2.0",
          "dev": true
        },
        "ms": {
          "version": "0.7.1",
          "dev": true
        }
      }
    },
    "eslint-plugin-import": {
      "version": "2.2.0",
      "dev": true
    },
    "eslint-plugin-jsx-a11y": {
      "version": "3.0.2",
      "dev": true
    },
    "eslint-plugin-mocha": {
      "version": "4.8.0",
      "dev": true
    },
    "eslint-plugin-react": {
      "version": "6.9.0",
      "dev": true
    },
    "espree": {
      "version": "3.4.0",
      "dev": true
    },
    "esprima": {
      "version": "2.7.3",
      "dev": true
    },
    "esrecurse": {
      "version": "4.1.0",
      "dev": true,
      "dependencies": {
        "estraverse": {
          "version": "4.1.1",
          "dev": true
        }
      }
    },
    "estraverse": {
      "version": "4.2.0",
      "dev": true
    },
    "esutils": {
      "version": "2.0.2",
      "dev": true
    },
    "event-emitter": {
      "version": "0.3.4",
      "dev": true
    },
    "exit-hook": {
      "version": "1.1.1",
      "dev": true
    },
    "fast-levenshtein": {
      "version": "2.0.6",
      "dev": true
    },
    "figures": {
      "version": "1.7.0",
      "dev": true
    },
    "file-entry-cache": {
      "version": "2.0.0",
      "dev": true
    },
    "find-up": {
      "version": "1.1.2",
      "dev": true
    },
    "flat-cache": {
      "version": "1.2.2",
      "dev": true
    },
    "foreach": {
      "version": "2.0.5",
      "dev": true
    },
    "fs.realpath": {
      "version": "1.0.0",
      "dev": true
    },
    "function-bind": {
      "version": "1.1.0",
      "dev": true
    },
    "generate-function": {
      "version": "2.0.0",
      "dev": true
    },
    "generate-object-property": {
      "version": "1.2.0",
      "dev": true
    },
    "get-caller-file": {
      "version": "1.0.2",
      "dev": true
    },
    "glob": {
      "version": "7.0.5",
      "dev": true
    },
    "globals": {
      "version": "9.14.0",
      "dev": true
    },
    "globby": {
      "version": "5.0.0",
      "dev": true
    },
    "graceful-fs": {
      "version": "4.1.11",
      "dev": true
    },
    "graceful-readlink": {
      "version": "1.0.1",
      "dev": true
    },
    "growl": {
      "version": "1.9.2",
      "dev": true
    },
    "handlebars": {
      "version": "4.0.6",
      "dev": true
    },
    "has": {
      "version": "1.0.1",
      "dev": true
    },
    "has-ansi": {
      "version": "2.0.0",
      "dev": true
    },
    "has-flag": {
      "version": "1.0.0",
      "dev": true
    },
    "hosted-git-info": {
      "version": "2.1.5",
      "dev": true
    },
    "ignore": {
      "version": "3.2.2",
      "dev": true
    },
    "imurmurhash": {
      "version": "0.1.4",
      "dev": true
    },
    "inflight": {
      "version": "1.0.6",
      "dev": true
    },
    "inherits": {
      "version": "2.0.3",
      "dev": true
    },
    "inquirer": {
      "version": "0.12.0",
      "dev": true
    },
    "interpret": {
      "version": "1.0.1",
      "dev": true
    },
    "invariant": {
      "version": "2.2.2",
      "dev": true
    },
    "invert-kv": {
      "version": "1.0.0",
      "dev": true
    },
    "is-arrayish": {
      "version": "0.2.1",
      "dev": true
    },
    "is-buffer": {
      "version": "1.1.4",
      "dev": true
    },
    "is-builtin-module": {
      "version": "1.0.0",
      "dev": true
    },
    "is-callable": {
      "version": "1.1.3",
      "dev": true
    },
    "is-date-object": {
      "version": "1.0.1",
      "dev": true
    },
    "is-fullwidth-code-point": {
      "version": "1.0.0",
      "dev": true
    },
    "is-my-json-valid": {
      "version": "2.15.0",
      "dev": true
    },
    "is-path-cwd": {
      "version": "1.0.0",
      "dev": true
    },
    "is-path-in-cwd": {
      "version": "1.0.0",
      "dev": true
    },
    "is-path-inside": {
      "version": "1.0.0",
      "dev": true
    },
    "is-property": {
      "version": "1.0.2",
      "dev": true
    },
    "is-regex": {
      "version": "1.0.3",
      "dev": true
    },
    "is-resolvable": {
      "version": "1.0.0",
      "dev": true
    },
    "is-symbol": {
      "version": "1.0.1",
      "dev": true
    },
    "is-utf8": {
      "version": "0.2.1",
      "dev": true
    },
    "isarray": {
      "version": "1.0.0",
      "dev": true
    },
    "isexe": {
      "version": "1.1.2",
      "dev": true
    },
    "istanbul": {
      "version": "0.4.5",
      "dev": true,
      "dependencies": {
        "glob": {
          "version": "5.0.15",
          "dev": true
        },
        "supports-color": {
          "version": "3.2.3",
          "dev": true
        }
      }
    },
    "istanbul-cobertura-badger": {
      "version": "1.2.1",
      "dev": true
    },
    "js-tokens": {
      "version": "3.0.1",
      "dev": true
    },
    "js-yaml": {
      "version": "3.7.0",
      "dev": true
    },
    "json-stable-stringify": {
      "version": "1.0.1",
      "dev": true
    },
    "json3": {
      "version": "3.3.2",
      "dev": true
    },
    "jsonify": {
      "version": "0.0.0",
      "dev": true
    },
    "jsonpointer": {
      "version": "4.0.1",
      "dev": true
    },
    "jsx-ast-utils": {
      "version": "1.4.0",
      "dev": true
    },
    "kind-of": {
      "version": "3.1.0",
      "dev": true
    },
    "lazy-cache": {
      "version": "1.0.4",
      "dev": true,
      "optional": true
    },
    "lcid": {
      "version": "1.0.0",
      "dev": true
    },
    "levn": {
      "version": "0.3.0",
      "dev": true
    },
    "load-json-file": {
      "version": "1.1.0",
      "dev": true,
      "dependencies": {
        "strip-bom": {
          "version": "2.0.0",
          "dev": true
        }
      }
    },
    "lodash": {
      "version": "4.17.4",
      "dev": true
    },
    "lodash._baseassign": {
      "version": "3.2.0",
      "dev": true
    },
    "lodash._basecopy": {
      "version": "3.0.1",
      "dev": true
    },
    "lodash._basecreate": {
      "version": "3.0.3",
      "dev": true
    },
    "lodash._getnative": {
      "version": "3.9.1",
      "dev": true
    },
    "lodash._isiterateecall": {
      "version": "3.0.9",
      "dev": true
    },
    "lodash.cond": {
      "version": "4.5.2",
      "dev": true
    },
    "lodash.create": {
      "version": "3.1.1",
      "dev": true
    },
    "lodash.isarguments": {
      "version": "3.1.0",
      "dev": true
    },
    "lodash.isarray": {
      "version": "3.0.4",
      "dev": true
    },
    "lodash.keys": {
      "version": "3.1.2",
      "dev": true
    },
    "longest": {
      "version": "1.0.1",
      "dev": true
    },
    "loose-envify": {
      "version": "1.3.1",
      "dev": true
    },
    "minimatch": {
      "version": "3.0.3",
      "dev": true
    },
    "minimist": {
      "version": "0.0.8",
      "dev": true
    },
    "mkdirp": {
      "version": "0.5.1",
      "dev": true
    },
    "mocha": {
      "version": "3.2.0",
      "dev": true,
      "dependencies": {
        "debug": {
          "version": "2.2.0",
          "dev": true
        },
        "ms": {
          "version": "0.7.1",
          "dev": true
        }
      }
    },
    "ms": {
      "version": "0.7.2"
    },
    "mute-stream": {
      "version": "0.0.5",
      "dev": true
    },
    "natural-compare": {
      "version": "1.4.0",
      "dev": true
    },
    "nodemailer": {
      "version": "3.0.0"
    },
    "nopt": {
      "version": "3.0.6",
      "dev": true
    },
    "normalize-package-data": {
      "version": "2.3.5",
      "dev": true
    },
    "number-is-nan": {
      "version": "1.0.1",
      "dev": true
    },
    "object-assign": {
      "version": "4.1.1",
      "dev": true
    },
    "object-keys": {
      "version": "1.0.11",
      "dev": true
    },
    "once": {
      "version": "1.4.0",
      "dev": true
    },
    "onetime": {
      "version": "1.1.0",
      "dev": true
    },
    "optimist": {
      "version": "0.6.1",
      "dev": true,
      "dependencies": {
        "wordwrap": {
          "version": "0.0.3",
          "dev": true
        }
      }
    },
    "optionator": {
      "version": "0.8.2",
      "dev": true
    },
    "os-homedir": {
      "version": "1.0.2",
      "dev": true
    },
    "os-locale": {
      "version": "1.4.0",
      "dev": true
    },
    "parse-json": {
      "version": "2.2.0",
      "dev": true
    },
    "path-exists": {
      "version": "2.1.0",
      "dev": true
    },
    "path-is-absolute": {
      "version": "1.0.1",
      "dev": true
    },
    "path-is-inside": {
      "version": "1.0.2",
      "dev": true
    },
    "path-type": {
      "version": "1.1.0",
      "dev": true
    },
    "pify": {
      "version": "2.3.0",
      "dev": true
    },
    "pinkie": {
      "version": "2.0.4",
      "dev": true
    },
    "pinkie-promise": {
      "version": "2.0.1",
      "dev": true
    },
    "pkg-dir": {
      "version": "1.0.0",
      "dev": true
    },
    "pkg-up": {
      "version": "1.0.0",
      "dev": true
    },
    "pluralize": {
      "version": "1.2.1",
      "dev": true
    },
    "prelude-ls": {
      "version": "1.1.2",
      "dev": true
    },
    "process-nextick-args": {
      "version": "1.0.7",
      "dev": true
    },
    "progress": {
      "version": "1.1.8",
      "dev": true
    },
    "ramda": {
      "version": "0.22.1",
      "dev": true
    },
    "read-pkg": {
      "version": "1.1.0",
      "dev": true
    },
    "read-pkg-up": {
      "version": "1.0.1",
      "dev": true
    },
    "readable-stream": {
      "version": "2.2.2",
      "dev": true
    },
    "readdirp": {
      "version": "2.1.0",
      "dev": true
    },
    "readline2": {
      "version": "1.0.1",
      "dev": true
    },
    "rechoir": {
      "version": "0.6.2",
      "dev": true
    },
    "regenerator-runtime": {
      "version": "0.10.1",
      "dev": true
    },
    "repeat-string": {
      "version": "1.6.1",
      "dev": true
    },
    "require-directory": {
      "version": "2.1.1",
      "dev": true
    },
    "require-main-filename": {
      "version": "1.0.1",
      "dev": true
    },
    "require-package-name": {
      "version": "2.0.1",
      "dev": true
    },
    "require-uncached": {
      "version": "1.0.3",
      "dev": true
    },
    "resolve": {
      "version": "1.1.7",
      "dev": true
    },
    "resolve-from": {
      "version": "1.0.1",
      "dev": true
    },
    "restore-cursor": {
      "version": "1.0.1",
      "dev": true
    },
    "right-align": {
      "version": "0.1.3",
      "dev": true,
      "optional": true
    },
    "rimraf": {
      "version": "2.5.4",
      "dev": true
    },
    "run-async": {
      "version": "0.1.0",
      "dev": true
    },
    "rx-lite": {
      "version": "3.1.2",
      "dev": true
    },
    "sax": {
      "version": "0.5.8",
      "dev": true
    },
    "semver": {
      "version": "5.3.0",
      "dev": true
    },
    "set-blocking": {
      "version": "2.0.0",
      "dev": true
    },
    "set-immediate-shim": {
      "version": "1.0.1",
      "dev": true
    },
    "shelljs": {
      "version": "0.7.6",
      "dev": true
    },
    "should": {
      "version": "11.2.0",
      "dev": true
    },
    "should-equal": {
      "version": "1.0.1",
      "dev": true
    },
    "should-format": {
      "version": "3.0.2",
      "dev": true
    },
    "should-type": {
      "version": "1.4.0",
      "dev": true
    },
    "should-type-adaptors": {
      "version": "1.0.1",
      "dev": true
    },
    "should-util": {
      "version": "1.0.0",
      "dev": true
    },
    "slice-ansi": {
      "version": "0.0.4",
      "dev": true
    },
    "sloc": {
      "version": "0.2.0",
      "dev": true,
      "dependencies": {
        "async": {
          "version": "2.1.4",
          "dev": true
        }
      }
    },
    "source-map": {
      "version": "0.4.4",
      "dev": true
    },
    "spdx-correct": {
      "version": "1.0.2",
      "dev": true
    },
    "spdx-expression-parse": {
      "version": "1.0.4",
      "dev": true
    },
    "spdx-license-ids": {
      "version": "1.2.2",
      "dev": true
    },
    "spec-xunit-file": {
      "version": "0.0.1-3",
      "dev": true
    },
    "sprintf-js": {
      "version": "1.0.3",
      "dev": true
    },
    "string_decoder": {
      "version": "0.10.31",
      "dev": true
    },
    "string-width": {
      "version": "1.0.2",
      "dev": true
    },
    "strip-ansi": {
      "version": "3.0.1",
      "dev": true
    },
    "strip-bom": {
      "version": "3.0.0",
      "dev": true
    },
    "strip-json-comments": {
      "version": "2.0.1",
      "dev": true
    },
    "supports-color": {
      "version": "3.1.2",
      "dev": true
    },
    "table": {
      "version": "3.8.3",
      "dev": true,
      "dependencies": {
        "is-fullwidth-code-point": {
          "version": "2.0.0",
          "dev": true
        },
        "string-width": {
          "version": "2.0.0",
          "dev": true
        }
      }
    },
    "text-table": {
      "version": "0.2.0",
      "dev": true
    },
    "through": {
      "version": "2.3.8",
      "dev": true
    },
    "to-fast-properties": {
      "version": "1.0.2",
      "dev": true
    },
    "tryit": {
      "version": "1.0.3",
      "dev": true
    },
    "type-check": {
      "version": "0.3.2",
      "dev": true
    },
    "typedarray": {
      "version": "0.0.6",
      "dev": true
    },
    "uglify-js": {
      "version": "2.7.5",
      "dev": true,
      "optional": true,
      "dependencies": {
        "async": {
          "version": "0.2.10",
          "dev": true,
          "optional": true
        },
        "camelcase": {
          "version": "1.2.1",
          "dev": true,
          "optional": true
        },
        "cliui": {
          "version": "2.1.0",
          "dev": true,
          "optional": true
        },
        "source-map": {
          "version": "0.5.6",
          "dev": true,
          "optional": true
        },
        "wordwrap": {
          "version": "0.0.2",
          "dev": true,
          "optional": true
        },
        "yargs": {
          "version": "3.10.0",
          "dev": true,
          "optional": true
        }
      }
    },
    "uglify-to-browserify": {
      "version": "1.0.2",
      "dev": true,
      "optional": true
    },
    "user-home": {
      "version": "2.0.0",
      "dev": true
    },
    "util-deprecate": {
      "version": "1.0.2",
      "dev": true
    },
    "validate-npm-package-license": {
      "version": "3.0.1",
      "dev": true
    },
    "walkdir": {
      "version": "0.0.11",
      "dev": true
    },
    "which": {
      "version": "1.2.12",
      "dev": true
    },
    "which-module": {
      "version": "1.0.0",
      "dev": true
    },
    "window-size": {
      "version": "0.1.0",
      "dev": true,
      "optional": true
    },
    "wordwrap": {
      "version": "1.0.0",
      "dev": true
    },
    "wrap-ansi": {
      "version": "2.1.0",
      "dev": true
    },
    "wrappy": {
      "version": "1.0.2",
      "dev": true
    },
    "write": {
      "version": "0.2.1",
      "dev": true
    },
    "xml-splitter": {
      "version": "1.2.1",
      "dev": true
    },
    "xtend": {
      "version": "4.0.1",
      "dev": true
    },
    "y18n": {
      "version": "3.2.1",
      "dev": true
    },
    "yargs": {
      "version": "6.6.0",
      "dev": true
    },
    "yargs-parser": {
      "version": "4.2.1",
      "dev": true
    }
  }
}
